<Solution>
  <Folder Name="/src/">
    <Project Path="src/DormitoryManagementSystem.Application/DormitoryManagementSystem.Application.csproj" />
    <Project Path="src/DormitoryManagementSystem.Domain/DormitoryManagementSystem.Domain.csproj" />
    <Project Path="src/DormitoryManagementSystem.Infrastructure/DormitoryManagementSystem.Infrastructure.csproj" />
    <Project Path="src/DormitoryManagementSystem.WebUI/DormitoryManagementSystem.WebUI.csproj" />
  </Folder>
  <Project Path="DormitoryManagementSystem.Tests/DormitoryManagementSystem.Tests.csproj" />
</Solution>
